
Microsoft Visual Studio Solution File, Format Version 12.00
# Visual Studio Version 16
VisualStudioVersion = 16.0.28922.388
MinimumVisualStudioVersion = 10.0.40219.1
Project("{FAE04EC0-301F-11D3-BF4B-00C04F79EFBC}") = "PassByRefEthan", "PassByRefEthan\PassByRefEthan.csproj", "{367FC10B-8D84-4C5C-8A10-840B57121F5B}"
EndProject
Global
	GlobalSection(SolutionConfigurationPlatforms) = preSolution
		Debug|Any CPU = Debug|Any CPU
		Release|Any CPU = Release|Any CPU
	EndGlobalSection
	GlobalSection(ProjectConfigurationPlatforms) = postSolution
		{367FC10B-8D84-4C5C-8A10-840B57121F5B}.Debug|Any CPU.ActiveCfg = Debug|Any CPU
		{367FC10B-8D84-4C5C-8A10-840B57121F5B}.Debug|Any CPU.Build.0 = Debug|Any CPU
		{367FC10B-8D84-4C5C-8A10-840B57121F5B}.Release|Any CPU.ActiveCfg = Release|Any CPU
		{367FC10B-8D84-4C5C-8A10-840B57121F5B}.Release|Any CPU.Build.0 = Release|Any CPU
	EndGlobalSection
	GlobalSection(SolutionProperties) = preSolution
		HideSolutionNode = FALSE
	EndGlobalSection
	GlobalSection(ExtensibilityGlobals) = postSolution
		SolutionGuid = {9835EFCE-087F-4895-A898-07DCCB488EE5}
	EndGlobalSection
EndGlobal
