
Microsoft Visual Studio Solution File, Format Version 12.00
# Visual Studio Version 16
VisualStudioVersion = 16.0.28922.388
MinimumVisualStudioVersion = 10.0.40219.1
Project("{FAE04EC0-301F-11D3-BF4B-00C04F79EFBC}") = "PercentageProgramEthanL", "PercentageProgramEthanL\PercentageProgramEthanL.csproj", "{0D762E5A-2524-4751-AC93-0F5A3D20AE5D}"
EndProject
Global
	GlobalSection(SolutionConfigurationPlatforms) = preSolution
		Debug|Any CPU = Debug|Any CPU
		Release|Any CPU = Release|Any CPU
	EndGlobalSection
	GlobalSection(ProjectConfigurationPlatforms) = postSolution
		{0D762E5A-2524-4751-AC93-0F5A3D20AE5D}.Debug|Any CPU.ActiveCfg = Debug|Any CPU
		{0D762E5A-2524-4751-AC93-0F5A3D20AE5D}.Debug|Any CPU.Build.0 = Debug|Any CPU
		{0D762E5A-2524-4751-AC93-0F5A3D20AE5D}.Release|Any CPU.ActiveCfg = Release|Any CPU
		{0D762E5A-2524-4751-AC93-0F5A3D20AE5D}.Release|Any CPU.Build.0 = Release|Any CPU
	EndGlobalSection
	GlobalSection(SolutionProperties) = preSolution
		HideSolutionNode = FALSE
	EndGlobalSection
	GlobalSection(ExtensibilityGlobals) = postSolution
		SolutionGuid = {44699196-B079-45FB-8CCA-61F3BF3C3CB9}
	EndGlobalSection
EndGlobal
